
Microsoft Visual Studio Solution File, Format Version 12.00
# Visual Studio 14
VisualStudioVersion = 14.0.25420.1
MinimumVisualStudioVersion = 10.0.40219.1
Project("{FAE04EC0-301F-11D3-BF4B-00C04F79EFBC}") = "AsynchronousProgramming", "AsynchronousProgramming\AsynchronousProgramming.csproj", "{5406B45C-7C6E-45C6-8BA8-0CD50FDD2466}"
EndProject
Project("{FAE04EC0-301F-11D3-BF4B-00C04F79EFBC}") = "EventBasedAsyncronousProgramming", "EventBasedAsyncronousProgramming\EventBasedAsyncronousProgramming.csproj", "{9E0BA5F4-3399-4DF8-AC87-0D8425925AE6}"
EndProject
Global
	GlobalSection(SolutionConfigurationPlatforms) = preSolution
		Debug|Any CPU = Debug|Any CPU
		Release|Any CPU = Release|Any CPU
	EndGlobalSection
	GlobalSection(ProjectConfigurationPlatforms) = postSolution
		{5406B45C-7C6E-45C6-8BA8-0CD50FDD2466}.Debug|Any CPU.ActiveCfg = Debug|Any CPU
		{5406B45C-7C6E-45C6-8BA8-0CD50FDD2466}.Debug|Any CPU.Build.0 = Debug|Any CPU
		{5406B45C-7C6E-45C6-8BA8-0CD50FDD2466}.Release|Any CPU.ActiveCfg = Release|Any CPU
		{5406B45C-7C6E-45C6-8BA8-0CD50FDD2466}.Release|Any CPU.Build.0 = Release|Any CPU
		{9E0BA5F4-3399-4DF8-AC87-0D8425925AE6}.Debug|Any CPU.ActiveCfg = Debug|Any CPU
		{9E0BA5F4-3399-4DF8-AC87-0D8425925AE6}.Debug|Any CPU.Build.0 = Debug|Any CPU
		{9E0BA5F4-3399-4DF8-AC87-0D8425925AE6}.Release|Any CPU.ActiveCfg = Release|Any CPU
		{9E0BA5F4-3399-4DF8-AC87-0D8425925AE6}.Release|Any CPU.Build.0 = Release|Any CPU
	EndGlobalSection
	GlobalSection(SolutionProperties) = preSolution
		HideSolutionNode = FALSE
	EndGlobalSection
EndGlobal
